
Microsoft Visual Studio Solution File, Format Version 12.00
# Visual Studio Version 17
VisualStudioVersion = 17.10.35013.160
MinimumVisualStudioVersion = 10.0.40219.1
Project("{9A19103F-16F7-4668-BE54-9A1E7A4F7556}") = "DBFirstProje.Web", "DBFirstProje.Web\DBFirstProje.Web.csproj", "{E9EDFF68-8B5E-4D63-87A3-0B4DF8DC45F3}"
EndProject
Project("{FAE04EC0-301F-11D3-BF4B-00C04F79EFBC}") = "LINQ_Ornek1", "LINQ_Ornek1\LINQ_Ornek1.csproj", "{CF402E6C-59AC-423B-AC42-2F32CF186173}"
EndProject
Project("{FAE04EC0-301F-11D3-BF4B-00C04F79EFBC}") = "LINQ_Ornek2", "LINQ_Ornek2\LINQ_Ornek2.csproj", "{B7684EB3-8250-4592-B6C0-A632EEF13114}"
EndProject
Project("{FAE04EC0-301F-11D3-BF4B-00C04F79EFBC}") = "LINQ_Ornek3", "LINQ_Ornek3\LINQ_Ornek3.csproj", "{B5E2FEF8-6EC2-481A-8023-09B0E1D26036}"
EndProject
Project("{FAE04EC0-301F-11D3-BF4B-00C04F79EFBC}") = "LINQ_Ornek4", "LINQ_Ornek4\LINQ_Ornek4.csproj", "{AFBFCF1A-22E7-4258-8F77-CEFD0DCAA162}"
EndProject
Global
	GlobalSection(SolutionConfigurationPlatforms) = preSolution
		Debug|Any CPU = Debug|Any CPU
		Release|Any CPU = Release|Any CPU
	EndGlobalSection
	GlobalSection(ProjectConfigurationPlatforms) = postSolution
		{E9EDFF68-8B5E-4D63-87A3-0B4DF8DC45F3}.Debug|Any CPU.ActiveCfg = Debug|Any CPU
		{E9EDFF68-8B5E-4D63-87A3-0B4DF8DC45F3}.Debug|Any CPU.Build.0 = Debug|Any CPU
		{E9EDFF68-8B5E-4D63-87A3-0B4DF8DC45F3}.Release|Any CPU.ActiveCfg = Release|Any CPU
		{E9EDFF68-8B5E-4D63-87A3-0B4DF8DC45F3}.Release|Any CPU.Build.0 = Release|Any CPU
		{CF402E6C-59AC-423B-AC42-2F32CF186173}.Debug|Any CPU.ActiveCfg = Debug|Any CPU
		{CF402E6C-59AC-423B-AC42-2F32CF186173}.Debug|Any CPU.Build.0 = Debug|Any CPU
		{CF402E6C-59AC-423B-AC42-2F32CF186173}.Release|Any CPU.ActiveCfg = Release|Any CPU
		{CF402E6C-59AC-423B-AC42-2F32CF186173}.Release|Any CPU.Build.0 = Release|Any CPU
		{B7684EB3-8250-4592-B6C0-A632EEF13114}.Debug|Any CPU.ActiveCfg = Debug|Any CPU
		{B7684EB3-8250-4592-B6C0-A632EEF13114}.Debug|Any CPU.Build.0 = Debug|Any CPU
		{B7684EB3-8250-4592-B6C0-A632EEF13114}.Release|Any CPU.ActiveCfg = Release|Any CPU
		{B7684EB3-8250-4592-B6C0-A632EEF13114}.Release|Any CPU.Build.0 = Release|Any CPU
		{B5E2FEF8-6EC2-481A-8023-09B0E1D26036}.Debug|Any CPU.ActiveCfg = Debug|Any CPU
		{B5E2FEF8-6EC2-481A-8023-09B0E1D26036}.Debug|Any CPU.Build.0 = Debug|Any CPU
		{B5E2FEF8-6EC2-481A-8023-09B0E1D26036}.Release|Any CPU.ActiveCfg = Release|Any CPU
		{B5E2FEF8-6EC2-481A-8023-09B0E1D26036}.Release|Any CPU.Build.0 = Release|Any CPU
		{AFBFCF1A-22E7-4258-8F77-CEFD0DCAA162}.Debug|Any CPU.ActiveCfg = Debug|Any CPU
		{AFBFCF1A-22E7-4258-8F77-CEFD0DCAA162}.Debug|Any CPU.Build.0 = Debug|Any CPU
		{AFBFCF1A-22E7-4258-8F77-CEFD0DCAA162}.Release|Any CPU.ActiveCfg = Release|Any CPU
		{AFBFCF1A-22E7-4258-8F77-CEFD0DCAA162}.Release|Any CPU.Build.0 = Release|Any CPU
	EndGlobalSection
	GlobalSection(SolutionProperties) = preSolution
		HideSolutionNode = FALSE
	EndGlobalSection
	GlobalSection(ExtensibilityGlobals) = postSolution
		SolutionGuid = {C580D4CD-8DAC-4216-AEB7-13F8691763CE}
	EndGlobalSection
EndGlobal
